
Microsoft Visual Studio Solution File, Format Version 12.00
# Visual Studio 15
VisualStudioVersion = 15.0.28307.539
MinimumVisualStudioVersion = 10.0.40219.1
Project("{FAE04EC0-301F-11D3-BF4B-00C04F79EFBC}") = "EDSLPrototype", "EDSLPrototype\EDSLPrototype.csproj", "{232380D9-4518-4F80-B18A-40C67B804E8A}"
EndProject
Global
	GlobalSection(SolutionConfigurationPlatforms) = preSolution
		Debug|Any CPU = Debug|Any CPU
		Release|Any CPU = Release|Any CPU
	EndGlobalSection
	GlobalSection(ProjectConfigurationPlatforms) = postSolution
		{232380D9-4518-4F80-B18A-40C67B804E8A}.Debug|Any CPU.ActiveCfg = Debug|Any CPU
		{232380D9-4518-4F80-B18A-40C67B804E8A}.Debug|Any CPU.Build.0 = Debug|Any CPU
		{232380D9-4518-4F80-B18A-40C67B804E8A}.Release|Any CPU.ActiveCfg = Release|Any CPU
		{232380D9-4518-4F80-B18A-40C67B804E8A}.Release|Any CPU.Build.0 = Release|Any CPU
	EndGlobalSection
	GlobalSection(SolutionProperties) = preSolution
		HideSolutionNode = FALSE
	EndGlobalSection
	GlobalSection(ExtensibilityGlobals) = postSolution
		SolutionGuid = {348AF5C2-9B86-4DD7-A6B8-EABA6491E6DA}
	EndGlobalSection
EndGlobal
